
Microsoft Visual Studio Solution File, Format Version 12.00
# Visual Studio Version 17
VisualStudioVersion = 17.2.32616.157
MinimumVisualStudioVersion = 10.0.40219.1
Project("{9A19103F-16F7-4668-BE54-9A1E7A4F7556}") = "PetitionApi", "PetitionApi\PetitionApi.csproj", "{8179910C-030E-4759-B49D-051059CC1742}"
EndProject
Project("{9A19103F-16F7-4668-BE54-9A1E7A4F7556}") = "Petition.App", "Petition.App\Petition.App.csproj", "{092A5B1E-735B-440C-908F-250F3BFFD479}"
EndProject
Project("{9A19103F-16F7-4668-BE54-9A1E7A4F7556}") = "Petition.App.Web", "Petition.App.Web\Petition.App.Web.csproj", "{1F2101A4-FA5C-4422-806C-B8896F552009}"
EndProject
Global
	GlobalSection(SolutionConfigurationPlatforms) = preSolution
		Debug|Any CPU = Debug|Any CPU
		Release|Any CPU = Release|Any CPU
	EndGlobalSection
	GlobalSection(ProjectConfigurationPlatforms) = postSolution
		{8179910C-030E-4759-B49D-051059CC1742}.Debug|Any CPU.ActiveCfg = Debug|Any CPU
		{8179910C-030E-4759-B49D-051059CC1742}.Debug|Any CPU.Build.0 = Debug|Any CPU
		{8179910C-030E-4759-B49D-051059CC1742}.Release|Any CPU.ActiveCfg = Release|Any CPU
		{8179910C-030E-4759-B49D-051059CC1742}.Release|Any CPU.Build.0 = Release|Any CPU
		{092A5B1E-735B-440C-908F-250F3BFFD479}.Debug|Any CPU.ActiveCfg = Debug|Any CPU
		{092A5B1E-735B-440C-908F-250F3BFFD479}.Debug|Any CPU.Build.0 = Debug|Any CPU
		{092A5B1E-735B-440C-908F-250F3BFFD479}.Release|Any CPU.ActiveCfg = Release|Any CPU
		{092A5B1E-735B-440C-908F-250F3BFFD479}.Release|Any CPU.Build.0 = Release|Any CPU
		{1F2101A4-FA5C-4422-806C-B8896F552009}.Debug|Any CPU.ActiveCfg = Debug|Any CPU
		{1F2101A4-FA5C-4422-806C-B8896F552009}.Debug|Any CPU.Build.0 = Debug|Any CPU
		{1F2101A4-FA5C-4422-806C-B8896F552009}.Release|Any CPU.ActiveCfg = Release|Any CPU
		{1F2101A4-FA5C-4422-806C-B8896F552009}.Release|Any CPU.Build.0 = Release|Any CPU
	EndGlobalSection
	GlobalSection(SolutionProperties) = preSolution
		HideSolutionNode = FALSE
	EndGlobalSection
	GlobalSection(ExtensibilityGlobals) = postSolution
		SolutionGuid = {06A3F5CD-826F-4DED-974E-E9906992FAF8}
	EndGlobalSection
EndGlobal
